
Microsoft Visual Studio Solution File, Format Version 12.00
# Visual Studio Version 17
VisualStudioVersion = 17.8.34511.84
MinimumVisualStudioVersion = 10.0.40219.1
Project("{FAE04EC0-301F-11D3-BF4B-00C04F79EFBC}") = "BT_XayDungClassAnimal_W06", "BT_XayDungClassAnimal_W06\BT_XayDungClassAnimal_W06.csproj", "{08BEDF86-64A7-4184-ADDA-7C9535648FD9}"
EndProject
Global
	GlobalSection(SolutionConfigurationPlatforms) = preSolution
		Debug|Any CPU = Debug|Any CPU
		Release|Any CPU = Release|Any CPU
	EndGlobalSection
	GlobalSection(ProjectConfigurationPlatforms) = postSolution
		{08BEDF86-64A7-4184-ADDA-7C9535648FD9}.Debug|Any CPU.ActiveCfg = Debug|Any CPU
		{08BEDF86-64A7-4184-ADDA-7C9535648FD9}.Debug|Any CPU.Build.0 = Debug|Any CPU
		{08BEDF86-64A7-4184-ADDA-7C9535648FD9}.Release|Any CPU.ActiveCfg = Release|Any CPU
		{08BEDF86-64A7-4184-ADDA-7C9535648FD9}.Release|Any CPU.Build.0 = Release|Any CPU
	EndGlobalSection
	GlobalSection(SolutionProperties) = preSolution
		HideSolutionNode = FALSE
	EndGlobalSection
	GlobalSection(ExtensibilityGlobals) = postSolution
		SolutionGuid = {633F03BA-DBFB-4DCB-8B6E-27B845A6D217}
	EndGlobalSection
EndGlobal
